// !$*UTF8*$!
{
	archiveVersion = 1;
	classes = {
	};
	objectVersion = 50;
	objects = {

/* Begin PBXBuildFile section */
		C663901C27953AE500AD3DEB /* AppDelegate.swift in Sources */ = {isa = PBXBuildFile; fileRef = C663901B27953AE500AD3DEB /* AppDelegate.swift */; };
		C663901E27953AE600AD3DEB /* SceneDelegate.swift in Sources */ = {isa = PBXBuildFile; fileRef = C663901D27953AE600AD3DEB /* SceneDelegate.swift */; };
		C663902027953AE600AD3DEB /* ViewController.swift in Sources */ = {isa = PBXBuildFile; fileRef = C663901F27953AE600AD3DEB /* ViewController.swift */; };
		C663902327953AE600AD3DEB /* Main.storyboard in Resources */ = {isa = PBXBuildFile; fileRef = C663902127953AE600AD3DEB /* Main.storyboard */; };
		C663902527953AF100AD3DEB /* Assets.xcassets in Resources */ = {isa = PBXBuildFile; fileRef = C663902427953AF100AD3DEB /* Assets.xcassets */; };
		C663902827953AF100AD3DEB /* LaunchScreen.storyboard in Resources */ = {isa = PBXBuildFile; fileRef = C663902627953AF100AD3DEB /* LaunchScreen.storyboard */; };
		F8F6BBA7C86C95C99FB98958 /* Pods_PruebaTecnicaUPAX.framework in Frameworks */ = {isa = PBXBuildFile; fileRef = 57A185A5B503D2CC248EF57C /* Pods_PruebaTecnicaUPAX.framework */; };
/* End PBXBuildFile section */

/* Begin PBXFileReference section */
		0B11E3DA352D65A5049897F7 /* Pods-PruebaTecnicaUPAX.debug.xcconfig */ = {isa = PBXFileReference; includeInIndex = 1; lastKnownFileType = text.xcconfig; name = "Pods-PruebaTecnicaUPAX.debug.xcconfig"; path = "Target Support Files/Pods-PruebaTecnicaUPAX/Pods-PruebaTecnicaUPAX.debug.xcconfig"; sourceTree = "<group>"; };
		57A185A5B503D2CC248EF57C /* Pods_PruebaTecnicaUPAX.framework */ = {isa = PBXFileReference; explicitFileType = wrapper.framework; includeInIndex = 0; path = Pods_PruebaTecnicaUPAX.framework; sourceTree = BUILT_PRODUCTS_DIR; };
		60D6F8D5FC35F18BDA307C53 /* Pods-PruebaTecnicaUPAX.release.xcconfig */ = {isa = PBXFileReference; includeInIndex = 1; lastKnownFileType = text.xcconfig; name = "Pods-PruebaTecnicaUPAX.release.xcconfig"; path = "Target Support Files/Pods-PruebaTecnicaUPAX/Pods-PruebaTecnicaUPAX.release.xcconfig"; sourceTree = "<group>"; };
		C663901827953AE500AD3DEB /* PruebaTecnicaUPAX.app */ = {isa = PBXFileReference; explicitFileType = wrapper.application; includeInIndex = 0; path = PruebaTecnicaUPAX.app; sourceTree = BUILT_PRODUCTS_DIR; };
		C663901B27953AE500AD3DEB /* AppDelegate.swift */ = {isa = PBXFileReference; lastKnownFileType = sourcecode.swift; path = AppDelegate.swift; sourceTree = "<group>"; };
		C663901D27953AE600AD3DEB /* SceneDelegate.swift */ = {isa = PBXFileReference; lastKnownFileType = sourcecode.swift; path = SceneDelegate.swift; sourceTree = "<group>"; };
		C663901F27953AE600AD3DEB /* ViewController.swift */ = {isa = PBXFileReference; lastKnownFileType = sourcecode.swift; path = ViewController.swift; sourceTree = "<group>"; };
		C663902227953AE600AD3DEB /* Base */ = {isa = PBXFileReference; lastKnownFileType = file.storyboard; name = Base; path = Base.lproj/Main.storyboard; sourceTree = "<group>"; };
		C663902427953AF100AD3DEB /* Assets.xcassets */ = {isa = PBXFileReference; lastKnownFileType = folder.assetcatalog; path = Assets.xcassets; sourceTree = "<group>"; };
		C663902727953AF100AD3DEB /* Base */ = {isa = PBXFileReference; lastKnownFileType = file.storyboard; name = Base; path = Base.lproj/LaunchScreen.storyboard; sourceTree = "<group>"; };
		C663902927953AF100AD3DEB /* Info.plist */ = {isa = PBXFileReference; lastKnownFileType = text.plist.xml; path = Info.plist; sourceTree = "<group>"; };
/* End PBXFileReference section */

/* Begin PBXFrameworksBuildPhase section */
		C663901527953AE500AD3DEB /* Frameworks */ = {
			isa = PBXFrameworksBuildPhase;
			buildActionMask = 2147483647;
			files = (
				F8F6BBA7C86C95C99FB98958 /* Pods_PruebaTecnicaUPAX.framework in Frameworks */,
			);
			runOnlyForDeploymentPostprocessing = 0;
		};
/* End PBXFrameworksBuildPhase section */

/* Begin PBXGroup section */
		593B83FCFCE0258CD1B35B12 /* Frameworks */ = {
			isa = PBXGroup;
			children = (
				57A185A5B503D2CC248EF57C /* Pods_PruebaTecnicaUPAX.framework */,
			);
			name = Frameworks;
			sourceTree = "<group>";
		};
		9A6BCBB75424478EFEDDE58D /* Pods */ = {
			isa = PBXGroup;
			children = (
				0B11E3DA352D65A5049897F7 /* Pods-PruebaTecnicaUPAX.debug.xcconfig */,
				60D6F8D5FC35F18BDA307C53 /* Pods-PruebaTecnicaUPAX.release.xcconfig */,
			);
			path = Pods;
			sourceTree = "<group>";
		};
		C663900F27953AE500AD3DEB = {
			isa = PBXGroup;
			children = (
				C663901A27953AE500AD3DEB /* PruebaTecnicaUPAX */,
				C663901927953AE500AD3DEB /* Products */,
				9A6BCBB75424478EFEDDE58D /* Pods */,
				593B83FCFCE0258CD1B35B12 /* Frameworks */,
			);
			sourceTree = "<group>";
		};
		C663901927953AE500AD3DEB /* Products */ = {
			isa = PBXGroup;
			children = (
				C663901827953AE500AD3DEB /* PruebaTecnicaUPAX.app */,
			);
			name = Products;
			sourceTree = "<group>";
		};
		C663901A27953AE500AD3DEB /* PruebaTecnicaUPAX */ = {
			isa = PBXGroup;
			children = (
				C663901B27953AE500AD3DEB /* AppDelegate.swift */,
				C663901D27953AE600AD3DEB /* SceneDelegate.swift */,
				C663901F27953AE600AD3DEB /* ViewController.swift */,
				C663902127953AE600AD3DEB /* Main.storyboard */,
				C663902427953AF100AD3DEB /* Assets.xcassets */,
				C663902627953AF100AD3DEB /* LaunchScreen.storyboard */,
				C663902927953AF100AD3DEB /* Info.plist */,
			);
			path = PruebaTecnicaUPAX;
			sourceTree = "<group>";
		};
/* End PBXGroup section */

/* Begin PBXNativeTarget section */
		C663901727953AE500AD3DEB /* PruebaTecnicaUPAX */ = {
			isa = PBXNativeTarget;
			buildConfigurationList = C663902C27953AF100AD3DEB /* Build configuration list for PBXNativeTarget "PruebaTecnicaUPAX" */;
			buildPhases = (
				5A6BCFAB1CC78A83C3675D13 /* [CP] Check Pods Manifest.lock */,
				C663901427953AE500AD3DEB /* Sources */,
				C663901527953AE500AD3DEB /* Frameworks */,
				C663901627953AE500AD3DEB /* Resources */,
			);
			buildRules = (
			);
			dependencies = (
			);
			name = PruebaTecnicaUPAX;
			productName = PruebaTecnicaUPAX;
			productReference = C663901827953AE500AD3DEB /* PruebaTecnicaUPAX.app */;
			productType = "com.apple.product-type.application";
		};
/* End PBXNativeTarget section */

/* Begin PBXProject section */
		C663901027953AE500AD3DEB /* Project object */ = {
			isa = PBXProject;
			attributes = {
				LastSwiftUpdateCheck = 1240;
				LastUpgradeCheck = 1240;
				TargetAttributes = {
					C663901727953AE500AD3DEB = {
						CreatedOnToolsVersion = 12.4;
					};
				};
			};
			buildConfigurationList = C663901327953AE500AD3DEB /* Build configuration list for PBXProject "PruebaTecnicaUPAX" */;
			compatibilityVersion = "Xcode 9.3";
			developmentRegion = en;
			hasScannedForEncodings = 0;
			knownRegions = (
				en,
				Base,
			);
			mainGroup = C663900F27953AE500AD3DEB;
			productRefGroup = C663901927953AE500AD3DEB /* Products */;
			projectDirPath = "";
			projectRoot = "";
			targets = (
				C663901727953AE500AD3DEB /* PruebaTecnicaUPAX */,
			);
		};
/* End PBXProject section */

/* Begin PBXResourcesBuildPhase section */
		C663901627953AE500AD3DEB /* Resources */ = {
			isa = PBXResourcesBuildPhase;
			buildActionMask = 2147483647;
			files = (
				C663902827953AF100AD3DEB /* LaunchScreen.storyboard in Resources */,
				C663902527953AF100AD3DEB /* Assets.xcassets in Resources */,
				C663902327953AE600AD3DEB /* Main.storyboard in Resources */,
			);
			runOnlyForDeploymentPostprocessing = 0;
		};
/* End PBXResourcesBuildPhase section */

/* Begin PBXShellScriptBuildPhase section */
		5A6BCFAB1CC78A83C3675D13 /* [CP] Check Pods Manifest.lock */ = {
			isa = PBXShellScriptBuildPhase;
			buildActionMask = 2147483647;
			files = (
			);
			inputFileListPaths = (
			);
			inputPaths = (
				"${PODS_PODFILE_DIR_PATH}/Podfile.lock",
				"${PODS_ROOT}/Manifest.lock",
			);
			name = "[CP] Check Pods Manifest.lock";
			outputFileListPaths = (
			);
			outputPaths = (
				"$(DERIVED_FILE_DIR)/Pods-PruebaTecnicaUPAX-checkManifestLockResult.txt",
			);
			runOnlyForDeploymentPostprocessing = 0;
			shellPath = /bin/sh;
			shellScript = "diff \"${PODS_PODFILE_DIR_PATH}/Podfile.lock\" \"${PODS_ROOT}/Manifest.lock\" > /dev/null\nif [ $? != 0 ] ; then\n    # print error to STDERR\n    echo \"error: The sandbox is not in sync with the Podfile.lock. Run 'pod install' or update your CocoaPods installation.\" >&2\n    exit 1\nfi\n# This output is used by Xcode 'outputs' to avoid re-running this script phase.\necho \"SUCCESS\" > \"${SCRIPT_OUTPUT_FILE_0}\"\n";
			showEnvVarsInLog = 0;
		};
/* End PBXShellScriptBuildPhase section */

/* Begin PBXSourcesBuildPhase section */
		C663901427953AE500AD3DEB /* Sources */ = {
			isa = PBXSourcesBuildPhase;
			buildActionMask = 2147483647;
			files = (
				C663902027953AE600AD3DEB /* ViewController.swift in Sources */,
				C663901C27953AE500AD3DEB /* AppDelegate.swift in Sources */,
				C663901E27953AE600AD3DEB /* SceneDelegate.swift in Sources */,
			);
			runOnlyForDeploymentPostprocessing = 0;
		};
/* End PBXSourcesBuildPhase section */

/* Begin PBXVariantGroup section */
		C663902127953AE600AD3DEB /* Main.storyboard */ = {
			isa = PBXVariantGroup;
			children = (
				C663902227953AE600AD3DEB /* Base */,
			);
			name = Main.storyboard;
			sourceTree = "<group>";
		};
		C663902627953AF100AD3DEB /* LaunchScreen.storyboard */ = {
			isa = PBXVariantGroup;
			children = (
				C663902727953AF100AD3DEB /* Base */,
			);
			name = LaunchScreen.storyboard;
			sourceTree = "<group>";
		};
/* End PBXVariantGroup section */

/* Begin XCBuildConfiguration section */
		C663902A27953AF100AD3DEB /* Debug */ = {
			isa = XCBuildConfiguration;
			buildSettings = {
				ALWAYS_SEARCH_USER_PATHS = NO;
				CLANG_ANALYZER_NONNULL = YES;
				CLANG_ANALYZER_NUMBER_OBJECT_CONVERSION = YES_AGGRESSIVE;
				CLANG_CXX_LANGUAGE_STANDARD = "gnu++14";
				CLANG_CXX_LIBRARY = "libc++";
				CLANG_ENABLE_MODULES = YES;
				CLANG_ENABLE_OBJC_ARC = YES;
				CLANG_ENABLE_OBJC_WEAK = YES;
				CLANG_WARN_BLOCK_CAPTURE_AUTORELEASING = YES;
				CLANG_WARN_BOOL_CONVERSION = YES;
				CLANG_WARN_COMMA = YES;
				CLANG_WARN_CONSTANT_CONVERSION = YES;
				CLANG_WARN_DEPRECATED_OBJC_IMPLEMENTATIONS = YES;
				CLANG_WARN_DIRECT_OBJC_ISA_USAGE = YES_ERROR;
				CLANG_WARN_DOCUMENTATION_COMMENTS = YES;
				CLANG_WARN_EMPTY_BODY = YES;
				CLANG_WARN_ENUM_CONVERSION = YES;
				CLANG_WARN_INFINITE_RECURSION = YES;
				CLANG_WARN_INT_CONVERSION = YES;
				CLANG_WARN_NON_LITERAL_NULL_CONVERSION = YES;
				CLANG_WARN_OBJC_IMPLICIT_RETAIN_SELF = YES;
				CLANG_WARN_OBJC_LITERAL_CONVERSION = YES;
				CLANG_WARN_OBJC_ROOT_CLASS = YES_ERROR;
				CLANG_WARN_QUOTED_INCLUDE_IN_FRAMEWORK_HEADER = YES;
				CLANG_WARN_RANGE_LOOP_ANALYSIS = YES;
				CLANG_WARN_STRICT_PROTOTYPES = YES;
				CLANG_WARN_SUSPICIOUS_MOVE = YES;
				CLANG_WARN_UNGUARDED_AVAILABILITY = YES_AGGRESSIVE;
				CLANG_WARN_UNREACHABLE_CODE = YES;
				CLANG_WARN__DUPLICATE_METHOD_MATCH = YES;
				COPY_PHASE_STRIP = NO;
				DEBUG_INFORMATION_FORMAT = dwarf;
				ENABLE_STRICT_OBJC_MSGSEND = YES;
				ENABLE_TESTABILITY = YES;
				GCC_C_LANGUAGE_STANDARD = gnu11;
				GCC_DYNAMIC_NO_PIC = NO;
				GCC_NO_COMMON_BLOCKS = YES;
				GCC_OPTIMIZATION_LEVEL = 0;
				GCC_PREPROCESSOR_DEFINITIONS = (
					"DEBUG=1",
					"$(inherited)",
				);
				GCC_WARN_64_TO_32_BIT_CONVERSION = YES;
				GCC_WARN_ABOUT_RETURN_TYPE = YES_ERROR;
				GCC_WARN_UNDECLARED_SELECTOR = YES;
				GCC_WARN_UNINITIALIZED_AUTOS = YES_AGGRESSIVE;
				GCC_WARN_UNUSED_FUNCTION = YES;
				GCC_WARN_UNUSED_VARIABLE = YES;
				IPHONEOS_DEPLOYMENT_TARGET = 14.4;
				MTL_ENABLE_DEBUG_INFO = INCLUDE_SOURCE;
				MTL_FAST_MATH = YES;
				ONLY_ACTIVE_ARCH = YES;
				SDKROOT = iphoneos;
				SWIFT_ACTIVE_COMPILATION_CONDITIONS = DEBUG;
				SWIFT_OPTIMIZATION_LEVEL = "-Onone";
			};
			name = Debug;
		};
		C663902B27953AF100AD3DEB /* Release */ = {
			isa = XCBuildConfiguration;
			buildSettings = {
				ALWAYS_SEARCH_USER_PATHS = NO;
				CLANG_ANALYZER_NONNULL = YES;
				CLANG_ANALYZER_NUMBER_OBJECT_CONVERSION = YES_AGGRESSIVE;
				CLANG_CXX_LANGUAGE_STANDARD = "gnu++14";
				CLANG_CXX_LIBRARY = "libc++";
				CLANG_ENABLE_MODULES = YES;
				CLANG_ENABLE_OBJC_ARC = YES;
				CLANG_ENABLE_OBJC_WEAK = YES;
				CLANG_WARN_BLOCK_CAPTURE_AUTORELEASING = YES;
				CLANG_WARN_BOOL_CONVERSION = YES;
				CLANG_WARN_COMMA = YES;
				CLANG_WARN_CONSTANT_CONVERSION = YES;
				CLANG_WARN_DEPRECATED_OBJC_IMPLEMENTATIONS = YES;
				CLANG_WARN_DIRECT_OBJC_ISA_USAGE = YES_ERROR;
				CLANG_WARN_DOCUMENTATION_COMMENTS = YES;
				CLANG_WARN_EMPTY_BODY = YES;
				CLANG_WARN_ENUM_CONVERSION = YES;
				CLANG_WARN_INFINITE_RECURSION = YES;
				CLANG_WARN_INT_CONVERSION = YES;
				CLANG_WARN_NON_LITERAL_NULL_CONVERSION = YES;
				CLANG_WARN_OBJC_IMPLICIT_RETAIN_SELF = YES;
				CLANG_WARN_OBJC_LITERAL_CONVERSION = YES;
				CLANG_WARN_OBJC_ROOT_CLASS = YES_ERROR;
				CLANG_WARN_QUOTED_INCLUDE_IN_FRAMEWORK_HEADER = YES;
				CLANG_WARN_RANGE_LOOP_ANALYSIS = YES;
				CLANG_WARN_STRICT_PROTOTYPES = YES;
				CLANG_WARN_SUSPICIOUS_MOVE = YES;
				CLANG_WARN_UNGUARDED_AVAILABILITY = YES_AGGRESSIVE;
				CLANG_WARN_UNREACHABLE_CODE = YES;
				CLANG_WARN__DUPLICATE_METHOD_MATCH = YES;
				COPY_PHASE_STRIP = NO;
				DEBUG_INFORMATION_FORMAT = "dwarf-with-dsym";
				ENABLE_NS_ASSERTIONS = NO;
				ENABLE_STRICT_OBJC_MSGSEND = YES;
				GCC_C_LANGUAGE_STANDARD = gnu11;
				GCC_NO_COMMON_BLOCKS = YES;
				GCC_WARN_64_TO_32_BIT_CONVERSION = YES;
				GCC_WARN_ABOUT_RETURN_TYPE = YES_ERROR;
				GCC_WARN_UNDECLARED_SELECTOR = YES;
				GCC_WARN_UNINITIALIZED_AUTOS = YES_AGGRESSIVE;
				GCC_WARN_UNUSED_FUNCTION = YES;
				GCC_WARN_UNUSED_VARIABLE = YES;
				IPHONEOS_DEPLOYMENT_TARGET = 14.4;
				MTL_ENABLE_DEBUG_INFO = NO;
				MTL_FAST_MATH = YES;
				SDKROOT = iphoneos;
				SWIFT_COMPILATION_MODE = wholemodule;
				SWIFT_OPTIMIZATION_LEVEL = "-O";
				VALIDATE_PRODUCT = YES;
			};
			name = Release;
		};
		C663902D27953AF100AD3DEB /* Debug */ = {
			isa = XCBuildConfiguration;
			baseConfigurationReference = 0B11E3DA352D65A5049897F7 /* Pods-PruebaTecnicaUPAX.debug.xcconfig */;
			buildSettings = {
				ASSETCATALOG_COMPILER_APPICON_NAME = AppIcon;
				ASSETCATALOG_COMPILER_GLOBAL_ACCENT_COLOR_NAME = AccentColor;
				CODE_SIGN_STYLE = Automatic;
				INFOPLIST_FILE = PruebaTecnicaUPAX/Info.plist;
				IPHONEOS_DEPLOYMENT_TARGET = 12.1;
				LD_RUNPATH_SEARCH_PATHS = (
					"$(inherited)",
					"@executable_path/Frameworks",
				);
				PRODUCT_BUNDLE_IDENTIFIER = com.lsegoviano.dev.PruebaTecnicaUPAX;
				PRODUCT_NAME = "$(TARGET_NAME)";
				SWIFT_VERSION = 5.0;
				TARGETED_DEVICE_FAMILY = 1;
			};
			name = Debug;
		};
		C663902E27953AF100AD3DEB /* Release */ = {
			isa = XCBuildConfiguration;
			baseConfigurationReference = 60D6F8D5FC35F18BDA307C53 /* Pods-PruebaTecnicaUPAX.release.xcconfig */;
			buildSettings = {
				ASSETCATALOG_COMPILER_APPICON_NAME = AppIcon;
				ASSETCATALOG_COMPILER_GLOBAL_ACCENT_COLOR_NAME = AccentColor;
				CODE_SIGN_STYLE = Automatic;
				INFOPLIST_FILE = PruebaTecnicaUPAX/Info.plist;
				IPHONEOS_DEPLOYMENT_TARGET = 12.1;
				LD_RUNPATH_SEARCH_PATHS = (
					"$(inherited)",
					"@executable_path/Frameworks",
				);
				PRODUCT_BUNDLE_IDENTIFIER = com.lsegoviano.dev.PruebaTecnicaUPAX;
				PRODUCT_NAME = "$(TARGET_NAME)";
				SWIFT_VERSION = 5.0;
				TARGETED_DEVICE_FAMILY = 1;
			};
			name = Release;
		};
/* End XCBuildConfiguration section */

/* Begin XCConfigurationList section */
		C663901327953AE500AD3DEB /* Build configuration list for PBXProject "PruebaTecnicaUPAX" */ = {
			isa = XCConfigurationList;
			buildConfigurations = (
				C663902A27953AF100AD3DEB /* Debug */,
				C663902B27953AF100AD3DEB /* Release */,
			);
			defaultConfigurationIsVisible = 0;
			defaultConfigurationName = Release;
		};
		C663902C27953AF100AD3DEB /* Build configuration list for PBXNativeTarget "PruebaTecnicaUPAX" */ = {
			isa = XCConfigurationList;
			buildConfigurations = (
				C663902D27953AF100AD3DEB /* Debug */,
				C663902E27953AF100AD3DEB /* Release */,
			);
			defaultConfigurationIsVisible = 0;
			defaultConfigurationName = Release;
		};
/* End XCConfigurationList section */
	};
	rootObject = C663901027953AE500AD3DEB /* Project object */;
}
